
Microsoft Visual Studio Solution File, Format Version 12.00
# Visual Studio Version 17
VisualStudioVersion = 17.14.36414.22
MinimumVisualStudioVersion = 10.0.40219.1
Project("{2150E333-8FDC-42A3-9474-1A3956D46DE8}") = "Task0", "Task0", "{02EA681E-C7D8-13C7-8484-4AC65E1B71E8}"
EndProject
Project("{2150E333-8FDC-42A3-9474-1A3956D46DE8}") = "Task1", "Task1", "{5D972A70-E636-46B1-8414-79359DBDAB7A}"
EndProject
Project("{2150E333-8FDC-42A3-9474-1A3956D46DE8}") = "Task2", "Task2", "{243E43B0-6436-47A9-B77D-090264AB4765}"
EndProject
Project("{2150E333-8FDC-42A3-9474-1A3956D46DE8}") = "Task3", "Task3", "{6601080A-897C-499E-863F-B93DEDBF2C1F}"
EndProject
Project("{2150E333-8FDC-42A3-9474-1A3956D46DE8}") = "Task4", "Task4", "{17E5C354-C7EB-48F7-9C07-3E61830461A4}"
EndProject
Project("{2150E333-8FDC-42A3-9474-1A3956D46DE8}") = "Task5", "Task5", "{FFA7C8EC-32CA-4EE6-AF14-FFDF2BF86C39}"
EndProject
Project("{2150E333-8FDC-42A3-9474-1A3956D46DE8}") = "Task6", "Task6", "{9340CCB9-258F-4517-AC18-9B81FB635F67}"
EndProject
Project("{2150E333-8FDC-42A3-9474-1A3956D46DE8}") = "Task7", "Task7", "{FA425CA3-9E75-4AAA-B60B-BCEC650E3416}"
EndProject
Project("{FAE04EC0-301F-11D3-BF4B-00C04F79EFBC}") = "Tyuiu.DatskiyDE.Sprint5.Task0.V6", "Tyuiu.DatskiyDE.Sprint5.Task0.V6\Tyuiu.DatskiyDE.Sprint5.Task0.V6.csproj", "{607B8C63-A273-4247-AA80-0B943C653492}"
EndProject
Project("{FAE04EC0-301F-11D3-BF4B-00C04F79EFBC}") = "Tyuiu.DatskiyDE.Sprint5.Task0.V6.Lib", "Tyuiu.DatskiyDE.Sprint5.Task0.V6.Lib\Tyuiu.DatskiyDE.Sprint5.Task0.V6.Lib.csproj", "{3460AD1E-EBAA-468D-978C-1B6103C84530}"
EndProject
Project("{FAE04EC0-301F-11D3-BF4B-00C04F79EFBC}") = "Tyuiu.DatskiyDE.Sprint5.Task0.V6.Test", "Tyuiu.DatskiyDE.Sprint5.Task0.V6.Test\Tyuiu.DatskiyDE.Sprint5.Task0.V6.Test.csproj", "{2F4299C4-062A-4547-AC85-93FD4AD77B9D}"
EndProject
Project("{FAE04EC0-301F-11D3-BF4B-00C04F79EFBC}") = "Tyuiu.DatskiyDE.Sprint5.Task1.V24", "Tyuiu.DatskiyDE.Sprint5.Task1.V24\Tyuiu.DatskiyDE.Sprint5.Task1.V24.csproj", "{C9B32D80-0C25-4B89-A3F7-93EFFE069D31}"
EndProject
Project("{FAE04EC0-301F-11D3-BF4B-00C04F79EFBC}") = "Tyuiu.DatskiyDE.Sprint5.Task1.V24.Lib", "Tyuiu.DatskiyDE.Sprint5.Task1.V24.Lib\Tyuiu.DatskiyDE.Sprint5.Task1.V24.Lib.csproj", "{0DFE1EF6-5DFD-47C7-B9D1-123462417A31}"
EndProject
Project("{FAE04EC0-301F-11D3-BF4B-00C04F79EFBC}") = "Tyuiu.DatskiyDE.Sprint5.Task1.V24.Test", "Tyuiu.DatskiyDE.Sprint5.Task1.V24.Test\Tyuiu.DatskiyDE.Sprint5.Task1.V24.Test.csproj", "{08781887-1B40-47B3-95A2-AE7B834849CE}"
EndProject
Project("{FAE04EC0-301F-11D3-BF4B-00C04F79EFBC}") = "Tyuiu.DatskiyDE.Sprint5.Task2.V1", "Tyuiu.DatskiyDE.Sprint5.Task2.V1\Tyuiu.DatskiyDE.Sprint5.Task2.V1.csproj", "{711FD989-B5A6-456E-B142-55C43D520179}"
EndProject
Project("{FAE04EC0-301F-11D3-BF4B-00C04F79EFBC}") = "Tyuiu.DatskiyDE.Sprint5.Task2.V1.Lib", "Tyuiu.DatskiyDE.Sprint5.Task2.V1.Lib\Tyuiu.DatskiyDE.Sprint5.Task2.V1.Lib.csproj", "{966B76FF-80D4-47B9-9C10-3D3823500C63}"
EndProject
Project("{FAE04EC0-301F-11D3-BF4B-00C04F79EFBC}") = "Tyuiu.DatskiyDE.Sprint5.Task2.V1.Test", "Tyuiu.DatskiyDE.Sprint5.Task2.V1.Test\Tyuiu.DatskiyDE.Sprint5.Task2.V1.Test.csproj", "{BC4DCA1B-0A82-4947-A7C0-BA2ECBAD97AE}"
EndProject
Project("{FAE04EC0-301F-11D3-BF4B-00C04F79EFBC}") = "Tyuiu.DatskiyDE.Sprint5.Task3.V15", "Tyuiu.DatskiyDE.Sprint5.Task3.V15\Tyuiu.DatskiyDE.Sprint5.Task3.V15.csproj", "{20DB1EB9-9E9D-44D7-83E0-7B546DC934D4}"
EndProject
Project("{FAE04EC0-301F-11D3-BF4B-00C04F79EFBC}") = "Tyuiu.DatskiyDE.Sprint5.Task3.V15.Lib", "Tyuiu.DatskiyDE.Sprint5.Task3.V15.Lib\Tyuiu.DatskiyDE.Sprint5.Task3.V15.Lib.csproj", "{0D698789-F184-4795-81F3-A42EAC54B95F}"
EndProject
Project("{FAE04EC0-301F-11D3-BF4B-00C04F79EFBC}") = "Tyuiu.DatskiyDE.Sprint5.Task3.V15.Test", "Tyuiu.DatskiyDE.Sprint5.Task3.V15.Test\Tyuiu.DatskiyDE.Sprint5.Task3.V15.Test.csproj", "{008D25A5-283D-4E99-8144-6FC50A952601}"
EndProject
Project("{FAE04EC0-301F-11D3-BF4B-00C04F79EFBC}") = "Tyuiu.DatskiyDE.Sprint5.Task4.V26", "Tyuiu.DatskiyDE.Sprint5.Task4.V26\Tyuiu.DatskiyDE.Sprint5.Task4.V26.csproj", "{F05AEE30-46DB-4621-B1D7-92D012746D32}"
EndProject
Project("{FAE04EC0-301F-11D3-BF4B-00C04F79EFBC}") = "Tyuiu.DatskiyDE.Sprint5.Task4.V26.Lib", "Tyuiu.DatskiyDE.Sprint5.Task4.V26.Lib\Tyuiu.DatskiyDE.Sprint5.Task4.V26.Lib.csproj", "{496EA719-D0EE-4ABD-BE50-04D6BD869606}"
EndProject
Project("{FAE04EC0-301F-11D3-BF4B-00C04F79EFBC}") = "Tyuiu.DatskiyDE.Sprint5.Task4.V26.Test", "Tyuiu.DatskiyDE.Sprint5.Task4.V26.Test\Tyuiu.DatskiyDE.Sprint5.Task4.V26.Test.csproj", "{011C821E-A66F-4443-9358-67E4B4C7B03B}"
EndProject
Global
	GlobalSection(SolutionConfigurationPlatforms) = preSolution
		Debug|Any CPU = Debug|Any CPU
		Release|Any CPU = Release|Any CPU
	EndGlobalSection
	GlobalSection(ProjectConfigurationPlatforms) = postSolution
		{607B8C63-A273-4247-AA80-0B943C653492}.Debug|Any CPU.ActiveCfg = Debug|Any CPU
		{607B8C63-A273-4247-AA80-0B943C653492}.Debug|Any CPU.Build.0 = Debug|Any CPU
		{607B8C63-A273-4247-AA80-0B943C653492}.Release|Any CPU.ActiveCfg = Release|Any CPU
		{607B8C63-A273-4247-AA80-0B943C653492}.Release|Any CPU.Build.0 = Release|Any CPU
		{3460AD1E-EBAA-468D-978C-1B6103C84530}.Debug|Any CPU.ActiveCfg = Debug|Any CPU
		{3460AD1E-EBAA-468D-978C-1B6103C84530}.Debug|Any CPU.Build.0 = Debug|Any CPU
		{3460AD1E-EBAA-468D-978C-1B6103C84530}.Release|Any CPU.ActiveCfg = Release|Any CPU
		{3460AD1E-EBAA-468D-978C-1B6103C84530}.Release|Any CPU.Build.0 = Release|Any CPU
		{2F4299C4-062A-4547-AC85-93FD4AD77B9D}.Debug|Any CPU.ActiveCfg = Debug|Any CPU
		{2F4299C4-062A-4547-AC85-93FD4AD77B9D}.Debug|Any CPU.Build.0 = Debug|Any CPU
		{2F4299C4-062A-4547-AC85-93FD4AD77B9D}.Release|Any CPU.ActiveCfg = Release|Any CPU
		{2F4299C4-062A-4547-AC85-93FD4AD77B9D}.Release|Any CPU.Build.0 = Release|Any CPU
		{C9B32D80-0C25-4B89-A3F7-93EFFE069D31}.Debug|Any CPU.ActiveCfg = Debug|Any CPU
		{C9B32D80-0C25-4B89-A3F7-93EFFE069D31}.Debug|Any CPU.Build.0 = Debug|Any CPU
		{C9B32D80-0C25-4B89-A3F7-93EFFE069D31}.Release|Any CPU.ActiveCfg = Release|Any CPU
		{C9B32D80-0C25-4B89-A3F7-93EFFE069D31}.Release|Any CPU.Build.0 = Release|Any CPU
		{0DFE1EF6-5DFD-47C7-B9D1-123462417A31}.Debug|Any CPU.ActiveCfg = Debug|Any CPU
		{0DFE1EF6-5DFD-47C7-B9D1-123462417A31}.Debug|Any CPU.Build.0 = Debug|Any CPU
		{0DFE1EF6-5DFD-47C7-B9D1-123462417A31}.Release|Any CPU.ActiveCfg = Release|Any CPU
		{0DFE1EF6-5DFD-47C7-B9D1-123462417A31}.Release|Any CPU.Build.0 = Release|Any CPU
		{08781887-1B40-47B3-95A2-AE7B834849CE}.Debug|Any CPU.ActiveCfg = Debug|Any CPU
		{08781887-1B40-47B3-95A2-AE7B834849CE}.Debug|Any CPU.Build.0 = Debug|Any CPU
		{08781887-1B40-47B3-95A2-AE7B834849CE}.Release|Any CPU.ActiveCfg = Release|Any CPU
		{08781887-1B40-47B3-95A2-AE7B834849CE}.Release|Any CPU.Build.0 = Release|Any CPU
		{711FD989-B5A6-456E-B142-55C43D520179}.Debug|Any CPU.ActiveCfg = Debug|Any CPU
		{711FD989-B5A6-456E-B142-55C43D520179}.Debug|Any CPU.Build.0 = Debug|Any CPU
		{711FD989-B5A6-456E-B142-55C43D520179}.Release|Any CPU.ActiveCfg = Release|Any CPU
		{711FD989-B5A6-456E-B142-55C43D520179}.Release|Any CPU.Build.0 = Release|Any CPU
		{966B76FF-80D4-47B9-9C10-3D3823500C63}.Debug|Any CPU.ActiveCfg = Debug|Any CPU
		{966B76FF-80D4-47B9-9C10-3D3823500C63}.Debug|Any CPU.Build.0 = Debug|Any CPU
		{966B76FF-80D4-47B9-9C10-3D3823500C63}.Release|Any CPU.ActiveCfg = Release|Any CPU
		{966B76FF-80D4-47B9-9C10-3D3823500C63}.Release|Any CPU.Build.0 = Release|Any CPU
		{BC4DCA1B-0A82-4947-A7C0-BA2ECBAD97AE}.Debug|Any CPU.ActiveCfg = Debug|Any CPU
		{BC4DCA1B-0A82-4947-A7C0-BA2ECBAD97AE}.Debug|Any CPU.Build.0 = Debug|Any CPU
		{BC4DCA1B-0A82-4947-A7C0-BA2ECBAD97AE}.Release|Any CPU.ActiveCfg = Release|Any CPU
		{BC4DCA1B-0A82-4947-A7C0-BA2ECBAD97AE}.Release|Any CPU.Build.0 = Release|Any CPU
		{20DB1EB9-9E9D-44D7-83E0-7B546DC934D4}.Debug|Any CPU.ActiveCfg = Debug|Any CPU
		{20DB1EB9-9E9D-44D7-83E0-7B546DC934D4}.Debug|Any CPU.Build.0 = Debug|Any CPU
		{20DB1EB9-9E9D-44D7-83E0-7B546DC934D4}.Release|Any CPU.ActiveCfg = Release|Any CPU
		{20DB1EB9-9E9D-44D7-83E0-7B546DC934D4}.Release|Any CPU.Build.0 = Release|Any CPU
		{0D698789-F184-4795-81F3-A42EAC54B95F}.Debug|Any CPU.ActiveCfg = Debug|Any CPU
		{0D698789-F184-4795-81F3-A42EAC54B95F}.Debug|Any CPU.Build.0 = Debug|Any CPU
		{0D698789-F184-4795-81F3-A42EAC54B95F}.Release|Any CPU.ActiveCfg = Release|Any CPU
		{0D698789-F184-4795-81F3-A42EAC54B95F}.Release|Any CPU.Build.0 = Release|Any CPU
		{008D25A5-283D-4E99-8144-6FC50A952601}.Debug|Any CPU.ActiveCfg = Debug|Any CPU
		{008D25A5-283D-4E99-8144-6FC50A952601}.Debug|Any CPU.Build.0 = Debug|Any CPU
		{008D25A5-283D-4E99-8144-6FC50A952601}.Release|Any CPU.ActiveCfg = Release|Any CPU
		{008D25A5-283D-4E99-8144-6FC50A952601}.Release|Any CPU.Build.0 = Release|Any CPU
		{F05AEE30-46DB-4621-B1D7-92D012746D32}.Debug|Any CPU.ActiveCfg = Debug|Any CPU
		{F05AEE30-46DB-4621-B1D7-92D012746D32}.Debug|Any CPU.Build.0 = Debug|Any CPU
		{F05AEE30-46DB-4621-B1D7-92D012746D32}.Release|Any CPU.ActiveCfg = Release|Any CPU
		{F05AEE30-46DB-4621-B1D7-92D012746D32}.Release|Any CPU.Build.0 = Release|Any CPU
		{496EA719-D0EE-4ABD-BE50-04D6BD869606}.Debug|Any CPU.ActiveCfg = Debug|Any CPU
		{496EA719-D0EE-4ABD-BE50-04D6BD869606}.Debug|Any CPU.Build.0 = Debug|Any CPU
		{496EA719-D0EE-4ABD-BE50-04D6BD869606}.Release|Any CPU.ActiveCfg = Release|Any CPU
		{496EA719-D0EE-4ABD-BE50-04D6BD869606}.Release|Any CPU.Build.0 = Release|Any CPU
		{011C821E-A66F-4443-9358-67E4B4C7B03B}.Debug|Any CPU.ActiveCfg = Debug|Any CPU
		{011C821E-A66F-4443-9358-67E4B4C7B03B}.Debug|Any CPU.Build.0 = Debug|Any CPU
		{011C821E-A66F-4443-9358-67E4B4C7B03B}.Release|Any CPU.ActiveCfg = Release|Any CPU
		{011C821E-A66F-4443-9358-67E4B4C7B03B}.Release|Any CPU.Build.0 = Release|Any CPU
	EndGlobalSection
	GlobalSection(SolutionProperties) = preSolution
		HideSolutionNode = FALSE
	EndGlobalSection
	GlobalSection(NestedProjects) = preSolution
		{607B8C63-A273-4247-AA80-0B943C653492} = {02EA681E-C7D8-13C7-8484-4AC65E1B71E8}
		{3460AD1E-EBAA-468D-978C-1B6103C84530} = {02EA681E-C7D8-13C7-8484-4AC65E1B71E8}
		{2F4299C4-062A-4547-AC85-93FD4AD77B9D} = {02EA681E-C7D8-13C7-8484-4AC65E1B71E8}
		{C9B32D80-0C25-4B89-A3F7-93EFFE069D31} = {5D972A70-E636-46B1-8414-79359DBDAB7A}
		{0DFE1EF6-5DFD-47C7-B9D1-123462417A31} = {5D972A70-E636-46B1-8414-79359DBDAB7A}
		{08781887-1B40-47B3-95A2-AE7B834849CE} = {5D972A70-E636-46B1-8414-79359DBDAB7A}
		{711FD989-B5A6-456E-B142-55C43D520179} = {243E43B0-6436-47A9-B77D-090264AB4765}
		{966B76FF-80D4-47B9-9C10-3D3823500C63} = {243E43B0-6436-47A9-B77D-090264AB4765}
		{BC4DCA1B-0A82-4947-A7C0-BA2ECBAD97AE} = {243E43B0-6436-47A9-B77D-090264AB4765}
		{20DB1EB9-9E9D-44D7-83E0-7B546DC934D4} = {6601080A-897C-499E-863F-B93DEDBF2C1F}
		{0D698789-F184-4795-81F3-A42EAC54B95F} = {6601080A-897C-499E-863F-B93DEDBF2C1F}
		{008D25A5-283D-4E99-8144-6FC50A952601} = {6601080A-897C-499E-863F-B93DEDBF2C1F}
		{F05AEE30-46DB-4621-B1D7-92D012746D32} = {17E5C354-C7EB-48F7-9C07-3E61830461A4}
		{496EA719-D0EE-4ABD-BE50-04D6BD869606} = {17E5C354-C7EB-48F7-9C07-3E61830461A4}
		{011C821E-A66F-4443-9358-67E4B4C7B03B} = {17E5C354-C7EB-48F7-9C07-3E61830461A4}
	EndGlobalSection
	GlobalSection(ExtensibilityGlobals) = postSolution
		SolutionGuid = {B587D7E1-6B5A-4D67-9D41-753EF230E2B5}
	EndGlobalSection
EndGlobal
